github.com/sakeeljawfer/portfolio v0.0.0-20210302161723-11a284448e87 h1:hm9LiYopyNL8Kj6LNCqiJXY/rRtZV+J4J4fE+1093mw=
github.com/sakeeljawfer/portfolio v0.0.0-20210302161723-11a284448e87/go.mod h1:Lqwq00DwZhbdrpXXCKkcbpNwY9B+kd9IED70gMrxmUI=
github.com/samrobbins85/hugo-developer-portfolio v0.0.0-20200813081133-50d64488a85d h1:zAIWl622IPSXryfD/vpHcUHuwneGX+qtaKem8krWU4A=
github.com/samrobbins85/hugo-developer-portfolio v0.0.0-20200813081133-50d64488a85d/go.mod h1:k8pYFLOf99+RFAdeKwBJGfgN2jyoX2bBv8j2MUaiqdo=
